
Microsoft Visual Studio Solution File, Format Version 12.00
Project("{FAE04EC0-301F-11D3-BF4B-00C04F79EFBC}") = "Pulse", "Pulse\Pulse.csproj", "{FCCCE7AD-674D-4DAD-BB25-C6E2C1615DEF}"
EndProject
Project("{2150E333-8FDC-42A3-9474-1A3956D46DE8}") = "Solution Items", "Solution Items", "{4F4B94CA-862C-4CE7-A7A9-149A8F02E8EF}"
	ProjectSection(SolutionItems) = preProject
		compose.yaml = compose.yaml
	EndProjectSection
EndProject
Global
	GlobalSection(SolutionConfigurationPlatforms) = preSolution
		Debug|Any CPU = Debug|Any CPU
		Release|Any CPU = Release|Any CPU
	EndGlobalSection
	GlobalSection(ProjectConfigurationPlatforms) = postSolution
		{FCCCE7AD-674D-4DAD-BB25-C6E2C1615DEF}.Debug|Any CPU.ActiveCfg = Debug|Any CPU
		{FCCCE7AD-674D-4DAD-BB25-C6E2C1615DEF}.Debug|Any CPU.Build.0 = Debug|Any CPU
		{FCCCE7AD-674D-4DAD-BB25-C6E2C1615DEF}.Release|Any CPU.ActiveCfg = Release|Any CPU
		{FCCCE7AD-674D-4DAD-BB25-C6E2C1615DEF}.Release|Any CPU.Build.0 = Release|Any CPU
	EndGlobalSection
EndGlobal
